# This file was autogenerated by Stack.
# You should not edit this file by hand.
# For more information, please see the documentation at:
#   https://docs.haskellstack.org/en/stable/lock_files

packages:
- completed:
    size: 4707
    filepath: /home/frysztak/repos/language-typescript2/.stack-work/dist/x86_64-linux-tinfo6/Cabal-3.2.1.0/language-typescript2-0.1.0.0.tar.gz
    name: language-typescript2
    version: 0.1.0.0
    sha256: 26cf99302be11e6c4b8744d3a26ff6026e661e6c71349136fec535a99b3c25a7
    pantry-tree:
      size: 526
      sha256: 96715f9ed974b506d249b1ece7108c4ee20a01ee614f23dbc8553cb34c6a7cf2
  original:
    filepath: /home/frysztak/repos/language-typescript2/.stack-work/dist/x86_64-linux-tinfo6/Cabal-3.2.1.0/language-typescript2-0.1.0.0.tar.gz
snapshots:
- completed:
    size: 567037
    url: https://raw.githubusercontent.com/commercialhaskell/stackage-snapshots/master/lts/17/9.yaml
    sha256: d7d8d5106e53d1669964bd8bd2b0f88a5ad192d772f5376384b76738fd992311
  original: lts-17.9
